
Microsoft Visual Studio Solution File, Format Version 12.00
# Visual Studio 15
VisualStudioVersion = 15.0.28010.2036
MinimumVisualStudioVersion = 10.0.40219.1
Project("{FAE04EC0-301F-11D3-BF4B-00C04F79EFBC}") = "GuessNumber", "GuessNumber\GuessNumber.csproj", "{7A6A7BA0-80DB-4A1A-89F3-0B34044AB079}"
EndProject
Global
	GlobalSection(SolutionConfigurationPlatforms) = preSolution
		Debug|Any CPU = Debug|Any CPU
		Release|Any CPU = Release|Any CPU
	EndGlobalSection
	GlobalSection(ProjectConfigurationPlatforms) = postSolution
		{7A6A7BA0-80DB-4A1A-89F3-0B34044AB079}.Debug|Any CPU.ActiveCfg = Debug|Any CPU
		{7A6A7BA0-80DB-4A1A-89F3-0B34044AB079}.Debug|Any CPU.Build.0 = Debug|Any CPU
		{7A6A7BA0-80DB-4A1A-89F3-0B34044AB079}.Release|Any CPU.ActiveCfg = Release|Any CPU
		{7A6A7BA0-80DB-4A1A-89F3-0B34044AB079}.Release|Any CPU.Build.0 = Release|Any CPU
	EndGlobalSection
	GlobalSection(SolutionProperties) = preSolution
		HideSolutionNode = FALSE
	EndGlobalSection
	GlobalSection(ExtensibilityGlobals) = postSolution
		SolutionGuid = {8A7D2252-8077-42B8-B678-04FDB6AD1F51}
	EndGlobalSection
EndGlobal
